
Microsoft Visual Studio Solution File, Format Version 12.00
# Visual Studio Version 17
VisualStudioVersion = 17.1.32210.238
MinimumVisualStudioVersion = 10.0.40219.1
Project("{FAE04EC0-301F-11D3-BF4B-00C04F79EFBC}") = "PubisherMQTT", "PubisherMQTT.csproj", "{B2827EA1-D0B6-4053-AFB6-BDEB7E36FCD5}"
EndProject
Project("{FAE04EC0-301F-11D3-BF4B-00C04F79EFBC}") = "SubscriberMQTT", "..\SubscriberMQTT\SubscriberMQTT.csproj", "{44BC3506-A4C1-40BE-A55C-FD9D0B9A25E7}"
EndProject
Global
	GlobalSection(SolutionConfigurationPlatforms) = preSolution
		Debug|Any CPU = Debug|Any CPU
		Release|Any CPU = Release|Any CPU
	EndGlobalSection
	GlobalSection(ProjectConfigurationPlatforms) = postSolution
		{B2827EA1-D0B6-4053-AFB6-BDEB7E36FCD5}.Debug|Any CPU.ActiveCfg = Debug|Any CPU
		{B2827EA1-D0B6-4053-AFB6-BDEB7E36FCD5}.Debug|Any CPU.Build.0 = Debug|Any CPU
		{B2827EA1-D0B6-4053-AFB6-BDEB7E36FCD5}.Release|Any CPU.ActiveCfg = Release|Any CPU
		{B2827EA1-D0B6-4053-AFB6-BDEB7E36FCD5}.Release|Any CPU.Build.0 = Release|Any CPU
		{44BC3506-A4C1-40BE-A55C-FD9D0B9A25E7}.Debug|Any CPU.ActiveCfg = Debug|Any CPU
		{44BC3506-A4C1-40BE-A55C-FD9D0B9A25E7}.Debug|Any CPU.Build.0 = Debug|Any CPU
		{44BC3506-A4C1-40BE-A55C-FD9D0B9A25E7}.Release|Any CPU.ActiveCfg = Release|Any CPU
		{44BC3506-A4C1-40BE-A55C-FD9D0B9A25E7}.Release|Any CPU.Build.0 = Release|Any CPU
	EndGlobalSection
	GlobalSection(SolutionProperties) = preSolution
		HideSolutionNode = FALSE
	EndGlobalSection
	GlobalSection(ExtensibilityGlobals) = postSolution
		SolutionGuid = {4A148FEE-7CB7-47D7-B070-123B6891BE09}
	EndGlobalSection
EndGlobal
